
Microsoft Visual Studio Solution File, Format Version 12.00
# Visual Studio Version 16
VisualStudioVersion = 16.0.31729.503
MinimumVisualStudioVersion = 10.0.40219.1
Project("{FAE04EC0-301F-11D3-BF4B-00C04F79EFBC}") = "WhileOrnek", "WhileOrnek\WhileOrnek.csproj", "{E7B8C167-A406-4FA5-B7E5-CC2A5683ABA3}"
EndProject
Global
	GlobalSection(SolutionConfigurationPlatforms) = preSolution
		Debug|Any CPU = Debug|Any CPU
		Release|Any CPU = Release|Any CPU
	EndGlobalSection
	GlobalSection(ProjectConfigurationPlatforms) = postSolution
		{E7B8C167-A406-4FA5-B7E5-CC2A5683ABA3}.Debug|Any CPU.ActiveCfg = Debug|Any CPU
		{E7B8C167-A406-4FA5-B7E5-CC2A5683ABA3}.Debug|Any CPU.Build.0 = Debug|Any CPU
		{E7B8C167-A406-4FA5-B7E5-CC2A5683ABA3}.Release|Any CPU.ActiveCfg = Release|Any CPU
		{E7B8C167-A406-4FA5-B7E5-CC2A5683ABA3}.Release|Any CPU.Build.0 = Release|Any CPU
	EndGlobalSection
	GlobalSection(SolutionProperties) = preSolution
		HideSolutionNode = FALSE
	EndGlobalSection
	GlobalSection(ExtensibilityGlobals) = postSolution
		SolutionGuid = {98167FCD-B16B-4B6C-80B9-94E07F1ACB92}
	EndGlobalSection
EndGlobal
